# THIS IS AN AUTOGENERATED FILE. DO NOT EDIT THIS FILE DIRECTLY.
# yarn lockfile v1


"@babel/runtime@^7.12.1", "@babel/runtime@^7.9.2":
  version "7.14.5"
  resolved "https://registry.yarnpkg.com/@babel/runtime/-/runtime-7.14.5.tgz#665450911c6031af38f81db530f387ec04cd9a98"
  integrity sha512-121rumjddw9c3NCQ55KGkyE1h/nzWhU/owjhw0l4mQrkzz4x9SGS1X8gFLraHwX7td3Yo4QTL+qj0NcIzN87BA==
  dependencies:
    regenerator-runtime "^0.13.4"

"@formatjs/ecma402-abstract@1.9.3":
  version "1.9.3"
  resolved "https://registry.yarnpkg.com/@formatjs/ecma402-abstract/-/ecma402-abstract-1.9.3.tgz#00892014c805935b5b1345d238246e9bf3a2de50"
  integrity sha512-DBrRUL65m4SVtfq+T4Qltd8+upAzfb9K1MX0UZ0hqQ0wpBY0PSIti9XJe0ZQ/j2v/KxpwQ0Jw5NLumKVezJFQg==
  dependencies:
    tslib "^2.1.0"

"@formatjs/fast-memoize@1.1.1":
  version "1.1.1"
  resolved "https://registry.yarnpkg.com/@formatjs/fast-memoize/-/fast-memoize-1.1.1.tgz#3006b58aca1e39a98aca213356b42da5d173f26b"
  integrity sha512-mIqBr5uigIlx13eZTOPSEh2buDiy3BCdMYUtewICREQjbb4xarDiVWoXSnrERM7NanZ+0TAHNXSqDe6HpEFQUg==

"@formatjs/icu-messageformat-parser@2.0.6":
  version "2.0.6"
  resolved "https://registry.yarnpkg.com/@formatjs/icu-messageformat-parser/-/icu-messageformat-parser-2.0.6.tgz#7471c2116982f07b3d9b80e4572a870f20adbaf6"
  integrity sha512-dgOZ2kq3sbjjC4P0IIghXFUiGY+x9yyypBJF9YFACjw8gPq/OSPmOzdMGvjY9hl4EeeIhhsDd4LIAN/3zHG99A==
  dependencies:
    "@formatjs/ecma402-abstract" "1.9.3"
    "@formatjs/icu-skeleton-parser" "1.2.7"
    tslib "^2.1.0"

"@formatjs/icu-skeleton-parser@1.2.7":
  version "1.2.7"
  resolved "https://registry.yarnpkg.com/@formatjs/icu-skeleton-parser/-/icu-skeleton-parser-1.2.7.tgz#a74954695c37470efdeff828799654088e567c34"
  integrity sha512-xm1rJMOz4fwVfWH98VKtbTpZvyQ45plHilkCF16Nm6bAgosYC/IcMmgJisGr6uHqb5TvJRXE07+EvnkIIQjsdA==
  dependencies:
    "@formatjs/ecma402-abstract" "1.9.3"
    tslib "^2.1.0"

"@formatjs/intl-displaynames@5.1.5":
  version "5.1.5"
  resolved "https://registry.yarnpkg.com/@formatjs/intl-displaynames/-/intl-displaynames-5.1.5.tgz#fb65c09493c3488e11e72b7d9512f0c1cc18b247"
  integrity sha512-338DoPv8C4BqLqE7Sn5GkJbbkpL0RG8VoMP6qMJywx7bXVgOdWXiXUl3owdCPvq0bpVGGxTl+UNnF+UH8wGdLg==
  dependencies:
    "@formatjs/ecma402-abstract" "1.9.3"
    tslib "^2.1.0"

"@formatjs/intl-listformat@6.2.5":
  version "6.2.5"
  resolved "https://registry.yarnpkg.com/@formatjs/intl-listformat/-/intl-listformat-6.2.5.tgz#b2534700807e3ca2c2d8180592c15751037c908a"
  integrity sha512-LRGroM+uLc8dL5J8zwHhNNxWw45nnHQMphW3zEnD9AySKPbFRsrSxzV8LYA93U5mkvMSBf49RdEODpdeyDak/Q==
  dependencies:
    "@formatjs/ecma402-abstract" "1.9.3"
    tslib "^2.1.0"

"@formatjs/intl@1.13.0":
  version "1.13.0"
  resolved "https://registry.yarnpkg.com/@formatjs/intl/-/intl-1.13.0.tgz#31f11d88220b6b864e58d3a7c7cb46e3cee62bf3"
  integrity sha512-Wu8NU+OT9ZmkRSeIfKBY8GRrsCpF/Abc7v6Q8wHzA/VxT7HZblhO8YryALISqc0Vdmq4xUnvbrX4cSNSXdafZg==
  dependencies:
    "@formatjs/ecma402-abstract" "1.9.3"
    "@formatjs/fast-memoize" "1.1.1"
    "@formatjs/icu-messageformat-parser" "2.0.6"
    "@formatjs/intl-displaynames" "5.1.5"
    "@formatjs/intl-listformat" "6.2.5"
    intl-messageformat "9.6.18"
    tslib "^2.1.0"

"@redux-syringe/actions@^0.11.0":
  version "0.11.0"
  resolved "https://registry.yarnpkg.com/@redux-syringe/actions/-/actions-0.11.0.tgz#2e1a67096068dfb3a7577dc80af3b9205eef32fc"
  integrity sha512-LRWBwI9CB6j0Nc1GrIbD4Xu9yyeJ4NZWx5txr91CAMVjBitKNr/kkEpoDqReZh+n5dbcJlDIwFv2zdZ96gfJ3Q==
  dependencies:
    invariant "^2.2.4"
    ramda ">=0.26.1"
    ramda-extension ">=0.8.0"

"@redux-syringe/injectors-react@^0.12.0":
  version "0.12.0"
  resolved "https://registry.yarnpkg.com/@redux-syringe/injectors-react/-/injectors-react-0.12.0.tgz#703615974b5266a415b9649039e271024d793d89"
  integrity sha512-1G7IndJVLB9ObqGiTR1iRxcvhiQDZXWQY1f7D/x6/zsF+5jQM8knJhfUoy09LSIqQjwEXz7r7Opo0Hr4B7luGg==
  dependencies:
    "@babel/runtime" "^7.12.1"
    "@redux-syringe/injectors" "^0.12.0"
    "@redux-syringe/namespaces" "^0.12.0"
    "@redux-syringe/namespaces-react" "^0.12.0"
    "@redux-syringe/utils" "^0.12.0-alpha.0"
    "@redux-syringe/utils-react" "^0.12.0-alpha.0"
    hoist-non-react-statics "^3.3.2"
    invariant "^2.2.4"
    ramda ">=0.26.1"

"@redux-syringe/injectors@^0.12.0":
  version "0.12.0"
  resolved "https://registry.yarnpkg.com/@redux-syringe/injectors/-/injectors-0.12.0.tgz#1208cd6cb4de7db22ac9cd2b9faec9e94d8bcfa4"
  integrity sha512-kMVMBMJ0BQCfj96WXJSKLzHBZYeDRcdTGN3qqB9HZb2mhn85OWAuGSvYuCVheXnlctGrx1pbVHlJQBsud17CnA==
  dependencies:
    "@babel/runtime" "^7.12.1"
    "@redux-syringe/namespaces" "^0.12.0"
    "@redux-syringe/utils" "^0.12.0-alpha.0"
    invariant "^2.2.4"
    ramda ">=0.26.1"

"@redux-syringe/middleware-react@^0.12.0":
  version "0.12.0"
  resolved "https://registry.yarnpkg.com/@redux-syringe/middleware-react/-/middleware-react-0.12.0.tgz#0624ae5a658601d04b7c878c7472bea6dba37bc7"
  integrity sha512-+tULa5g1OWr6dD+W+moJeCdg31JN29lcz7IeCitybtEoiWdCWS4j5oTzDzyFmeHpsLvYrqKdAeGrwv74Mi8AsA==
  dependencies:
    "@babel/runtime" "^7.12.1"
    "@redux-syringe/injectors-react" "^0.12.0"
    "@redux-syringe/middleware" "^0.12.0"
    ramda ">=0.26.1"

"@redux-syringe/middleware@^0.12.0":
  version "0.12.0"
  resolved "https://registry.yarnpkg.com/@redux-syringe/middleware/-/middleware-0.12.0.tgz#e2ada6153496674ec6e2cf6ae1104c39dc9eb01e"
  integrity sha512-G66h/x7GsTCKaL7kLmbaXbQKXvqWGZ+LKyfxTtEqvXFn3W+EE7mb67yc8j0eXncbyLvo9wt+9rCVeHv57XbGVg==
  dependencies:
    "@babel/runtime" "^7.12.1"
    "@redux-syringe/injectors" "^0.12.0"
    "@redux-syringe/namespaces" "^0.12.0"
    invariant "^2.2.4"
    ramda ">=0.26.1"

"@redux-syringe/namespaces-react@^0.12.0":
  version "0.12.0"
  resolved "https://registry.yarnpkg.com/@redux-syringe/namespaces-react/-/namespaces-react-0.12.0.tgz#cde24a122b7460d732e9d91d162ed8020be9b5bd"
  integrity sha512-uaRev4dqO4L5dZgRwW+sDyw8pUsLz+FgIbjeYREpzGlJh7a/M4DwbPwgGTnrhXqYz+UxraeFDasly26FiF/9fw==
  dependencies:
    "@babel/runtime" "^7.12.1"
    "@redux-syringe/namespaces" "^0.12.0"
    "@redux-syringe/utils" "^0.12.0-alpha.0"
    "@redux-syringe/utils-react" "^0.12.0-alpha.0"
    hoist-non-react-statics "^3.3.2"
    ramda ">=0.26.1"

"@redux-syringe/namespaces@^0.12.0":
  version "0.12.0"
  resolved "https://registry.yarnpkg.com/@redux-syringe/namespaces/-/namespaces-0.12.0.tgz#140b8832af98b32fa11a369c61f42da34230f315"
  integrity sha512-s31Fa/KpuKOYyaqEhjsoNGJbL9vJ3o2VeppuabbTTlLWUWQNfitdqtmfO17+n++IbzV1Q/YD92JMQOaFw9WC2w==
  dependencies:
    "@babel/runtime" "^7.12.1"
    ramda ">=0.26.1"

"@redux-syringe/reducers-react@^0.12.0":
  version "0.12.0"
  resolved "https://registry.yarnpkg.com/@redux-syringe/reducers-react/-/reducers-react-0.12.0.tgz#6a0213d01e96c96093017b2428850e15bce7686d"
  integrity sha512-XH8kBUihtdEg5e4vNuiIYB0MJ8RMmXZy0e0cAkAxfKkDTI/HkjuujyryVXwfvLnDJumo6JDO/kPQYUeKB/hALw==
  dependencies:
    "@babel/runtime" "^7.12.1"
    "@redux-syringe/injectors-react" "^0.12.0"
    "@redux-syringe/reducers" "^0.12.0"
    ramda ">=0.26.1"

"@redux-syringe/reducers@^0.12.0":
  version "0.12.0"
  resolved "https://registry.yarnpkg.com/@redux-syringe/reducers/-/reducers-0.12.0.tgz#9f3897f9fa032c76ea51555b61be972d5871e55c"
  integrity sha512-DE2YTr8Zv87M5ZMF/spYDKvWFNRneYuGzLG5OJq61ur3Ulv8i0JZIMCBEky4IKzyguvWpFKjinezuRAuik2rkA==
  dependencies:
    "@babel/runtime" "^7.12.1"
    "@redux-syringe/injectors" "^0.12.0"
    "@redux-syringe/namespaces" "^0.12.0"
    "@redux-syringe/utils" "^0.12.0-alpha.0"
    invariant "^2.2.4"
    ramda ">=0.26.1"

"@redux-syringe/thunk@^0.12.0":
  version "0.12.0"
  resolved "https://registry.yarnpkg.com/@redux-syringe/thunk/-/thunk-0.12.0.tgz#947d6d3907dc35ee616edfbbd8eae674690fefcf"
  integrity sha512-ioV8meLStBh2TaD/a3dbOmOmHcFftIJN4ENsYEnsxn6C7hEtzuZMFv267Yoc5XBOmvIajKjkCZf2cJ0+Gqfrhw==
  dependencies:
    "@babel/runtime" "^7.12.1"
    "@redux-syringe/namespaces" "^0.12.0"
    ramda ">=0.26.1"

"@redux-syringe/utils-react@^0.12.0-alpha.0":
  version "0.12.0-alpha.0"
  resolved "https://registry.yarnpkg.com/@redux-syringe/utils-react/-/utils-react-0.12.0-alpha.0.tgz#52f299f6131df7890ac78290fb251912531fdc9f"
  integrity sha512-qZzkRFw9KgMgk6CCWP1JXMNLnTbsaqieWSnWfgqTptV7O2+daOsN5zoX8/ipxpn8vW6gwiTUK36Pm2Zpsek0pA==
  dependencies:
    "@babel/runtime" "^7.12.1"
    "@redux-syringe/utils" "^0.12.0-alpha.0"
    hoist-non-react-statics "^3.3.2"
    ramda ">=0.26.1"

"@redux-syringe/utils@^0.12.0-alpha.0":
  version "0.12.0-alpha.0"
  resolved "https://registry.yarnpkg.com/@redux-syringe/utils/-/utils-0.12.0-alpha.0.tgz#f2e37bc6d997ed045d2eaaf271a8abe26fb28032"
  integrity sha512-52XnV4pyRVFIbpI9XohkdBAQa7Tr/gaCIX+YyunZXII28+pFt52I+mZ4IxAVgZH58+8jPW6jtGc5YJukyo9jEQ==
  dependencies:
    "@babel/runtime" "^7.12.1"
    ramda ">=0.26.1"

"@tsconfig/node10@^1.0.7":
  version "1.0.8"
  resolved "https://registry.yarnpkg.com/@tsconfig/node10/-/node10-1.0.8.tgz#c1e4e80d6f964fbecb3359c43bd48b40f7cadad9"
  integrity sha512-6XFfSQmMgq0CFLY1MslA/CPUfhIL919M1rMsa5lP2P097N2Wd1sSX0tx1u4olM16fLNhtHZpRhedZJphNJqmZg==

"@tsconfig/node12@^1.0.7":
  version "1.0.8"
  resolved "https://registry.yarnpkg.com/@tsconfig/node12/-/node12-1.0.8.tgz#a883d62f049a64fea1e56a6bbe66828d11c6241b"
  integrity sha512-LM6XwBhjZRls1qJGpiM/It09SntEwe9M0riXRfQ9s6XlJQG0JPGl92ET18LtGeYh/GuOtafIXqwZeqLOd0FNFQ==

"@tsconfig/node14@^1.0.0":
  version "1.0.1"
  resolved "https://registry.yarnpkg.com/@tsconfig/node14/-/node14-1.0.1.tgz#95f2d167ffb9b8d2068b0b235302fafd4df711f2"
  integrity sha512-509r2+yARFfHHE7T6Puu2jjkoycftovhXRqW328PDXTVGKihlb1P8Z9mMZH04ebyajfRY7dedfGynlrFHJUQCg==

"@tsconfig/node16@^1.0.1":
  version "1.0.1"
  resolved "https://registry.yarnpkg.com/@tsconfig/node16/-/node16-1.0.1.tgz#a6ca6a9a0ff366af433f42f5f0e124794ff6b8f1"
  integrity sha512-FTgBI767POY/lKNDNbIzgAX6miIDBs6NTCbdlDb8TrWovHsSvaVIZDlTqym29C6UqhzwcJx4CYr+AlrMywA0cA==

"@types/hoist-non-react-statics@^3.3.0", "@types/hoist-non-react-statics@^3.3.1":
  version "3.3.1"
  resolved "https://registry.yarnpkg.com/@types/hoist-non-react-statics/-/hoist-non-react-statics-3.3.1.tgz#1124aafe5118cb591977aeb1ceaaed1070eb039f"
  integrity sha512-iMIqiko6ooLrTh1joXodJK5X9xeEALT1kM5G3ZLhD3hszxBdIEd5C75U834D9mLcINgD4OyZf5uQXjkuYydWvA==
  dependencies:
    "@types/react" "*"
    hoist-non-react-statics "^3.3.0"

"@types/node@^15.12.2":
  version "15.12.2"
  resolved "https://registry.yarnpkg.com/@types/node/-/node-15.12.2.tgz#1f2b42c4be7156ff4a6f914b2fb03d05fa84e38d"
  integrity sha512-zjQ69G564OCIWIOHSXyQEEDpdpGl+G348RAKY0XXy9Z5kU9Vzv1GMNnkar/ZJ8dzXB3COzD9Mo9NtRZ4xfgUww==

"@types/prop-types@*":
  version "15.7.3"
  resolved "https://registry.yarnpkg.com/@types/prop-types/-/prop-types-15.7.3.tgz#2ab0d5da2e5815f94b0b9d4b95d1e5f243ab2ca7"
  integrity sha512-KfRL3PuHmqQLOG+2tGpRO26Ctg+Cq1E01D2DMriKEATHgWLfeNDmq9e29Q9WIky0dQ3NPkd1mzYH8Lm936Z9qw==

"@types/react-redux@^7.1.16":
  version "7.1.16"
  resolved "https://registry.yarnpkg.com/@types/react-redux/-/react-redux-7.1.16.tgz#0fbd04c2500c12105494c83d4a3e45c084e3cb21"
  integrity sha512-f/FKzIrZwZk7YEO9E1yoxIuDNRiDducxkFlkw/GNMGEnK9n4K8wJzlJBghpSuOVDgEUHoDkDF7Gi9lHNQR4siw==
  dependencies:
    "@types/hoist-non-react-statics" "^3.3.0"
    "@types/react" "*"
    hoist-non-react-statics "^3.3.0"
    redux "^4.0.0"

"@types/react@*":
  version "17.0.11"
  resolved "https://registry.yarnpkg.com/@types/react/-/react-17.0.11.tgz#67fcd0ddbf5a0b083a0f94e926c7d63f3b836451"
  integrity sha512-yFRQbD+whVonItSk7ZzP/L+gPTJVBkL/7shLEF+i9GC/1cV3JmUxEQz6+9ylhUpWSDuqo1N9qEvqS6vTj4USUA==
  dependencies:
    "@types/prop-types" "*"
    "@types/scheduler" "*"
    csstype "^3.0.2"

"@types/scheduler@*":
  version "0.16.1"
  resolved "https://registry.yarnpkg.com/@types/scheduler/-/scheduler-0.16.1.tgz#18845205e86ff0038517aab7a18a62a6b9f71275"
  integrity sha512-EaCxbanVeyxDRTQBkdLb3Bvl/HK7PBK6UJjsSixB0iHKoWxE5uu2Q/DgtpOhPIojN0Zl1whvOd7PoHs2P0s5eA==

arg@^4.1.0:
  version "4.1.3"
  resolved "https://registry.yarnpkg.com/arg/-/arg-4.1.3.tgz#269fc7ad5b8e42cb63c896d5666017261c144089"
  integrity sha512-58S9QDqG0Xx27YwPSt9fJxivjYl432YCwfDMfZ+71RAqUrZef7LrKQZ3LHLOwCS4FLNBplP533Zx895SeOCHvA==

buffer-from@^1.0.0:
  version "1.1.1"
  resolved "https://registry.yarnpkg.com/buffer-from/-/buffer-from-1.1.1.tgz#32713bc028f75c02fdb710d7c7bcec1f2c6070ef"
  integrity sha512-MQcXEUbCKtEo7bhqEs6560Hyd4XaovZlO/k9V3hjVUF/zwW7KBVdSK4gIt/bzwS9MbR5qob+F5jusZsb0YQK2A==

create-require@^1.1.0:
  version "1.1.1"
  resolved "https://registry.yarnpkg.com/create-require/-/create-require-1.1.1.tgz#c1d7e8f1e5f6cfc9ff65f9cd352d37348756c333"
  integrity sha512-dcKFX3jn0MpIaXjisoRvexIJVEKzaq7z2rZKxf+MSr9TkdmHmsU4m2lcLojrj/FHl8mk5VxMmYA+ftRkP/3oKQ==

csstype@^3.0.2:
  version "3.0.8"
  resolved "https://registry.yarnpkg.com/csstype/-/csstype-3.0.8.tgz#d2266a792729fb227cd216fb572f43728e1ad340"
  integrity sha512-jXKhWqXPmlUeoQnF/EhTtTl4C9SnrxSH/jZUih3jmO6lBKr99rP3/+FmrMj4EFpOXzMtXHAZkd3x0E6h6Fgflw==

diff@^4.0.1:
  version "4.0.2"
  resolved "https://registry.yarnpkg.com/diff/-/diff-4.0.2.tgz#60f3aecb89d5fae520c11aa19efc2bb982aade7d"
  integrity sha512-58lmxKSA4BNyLz+HHMUzlOEpg09FV+ev6ZMe3vJihgdxzgcwZ8VoEEPmALCZG9LmqfVoNMMKpttIYTVG6uDY7A==

hoist-non-react-statics@^3.3.0, hoist-non-react-statics@^3.3.2:
  version "3.3.2"
  resolved "https://registry.yarnpkg.com/hoist-non-react-statics/-/hoist-non-react-statics-3.3.2.tgz#ece0acaf71d62c2969c2ec59feff42a4b1a85b45"
  integrity sha512-/gGivxi8JPKWNm/W0jSmzcMPpfpPLc3dY/6GxhX2hQ9iGj3aDfklV4ET7NjKpSinLpJ5vafa9iiGIEZg10SfBw==
  dependencies:
    react-is "^16.7.0"

intl-messageformat@9.6.18:
  version "9.6.18"
  resolved "https://registry.yarnpkg.com/intl-messageformat/-/intl-messageformat-9.6.18.tgz#785cc0c44a1a288fbbda63308907c3eab4eebe9f"
  integrity sha512-phG2EtMS/J6C4pcbErPkTSoqJ+T6qNfPVWTv5cDnI/nuCDKRUHPLDp4QpMdxIWPSUYPj7Lq69vMEIqg91x+H1Q==
  dependencies:
    "@formatjs/fast-memoize" "1.1.1"
    "@formatjs/icu-messageformat-parser" "2.0.6"
    tslib "^2.1.0"

invariant@^2.2.4:
  version "2.2.4"
  resolved "https://registry.yarnpkg.com/invariant/-/invariant-2.2.4.tgz#610f3c92c9359ce1db616e538008d23ff35158e6"
  integrity sha512-phJfQVBuaJM5raOpJjSfkiD6BpbCE4Ns//LaXl6wGYtUBY83nWS6Rf9tXm2e8VaK60JEjYldbPif/A2B1C2gNA==
  dependencies:
    loose-envify "^1.0.0"

"js-tokens@^3.0.0 || ^4.0.0":
  version "4.0.0"
  resolved "https://registry.yarnpkg.com/js-tokens/-/js-tokens-4.0.0.tgz#19203fb59991df98e3a287050d4647cdeaf32499"
  integrity sha512-RdJUflcE3cUzKiMqQgsCu06FPu9UdIJO0beYbPhHN4k6apgJtifcoCtT9bcxOpYBtpD2kCM6Sbzg4CausW/PKQ==

loose-envify@^1.0.0, loose-envify@^1.1.0, loose-envify@^1.4.0:
  version "1.4.0"
  resolved "https://registry.yarnpkg.com/loose-envify/-/loose-envify-1.4.0.tgz#71ee51fa7be4caec1a63839f7e682d8132d30caf"
  integrity sha512-lyuxPGr/Wfhrlem2CL/UcnUc1zcqKAImBDzukY7Y5F/yQiNdko6+fRLevlw1HgMySw7f611UIY408EtxRSoK3Q==
  dependencies:
    js-tokens "^3.0.0 || ^4.0.0"

make-error@^1.1.1:
  version "1.3.6"
  resolved "https://registry.yarnpkg.com/make-error/-/make-error-1.3.6.tgz#2eb2e37ea9b67c4891f684a1394799af484cf7a2"
  integrity sha512-s8UhlNe7vPKomQhC1qFelMokr/Sc3AgNbso3n74mVPA5LTZwkB9NlXf4XPamLxJE8h0gh73rM94xvwRT2CVInw==

object-assign@^4.1.1:
  version "4.1.1"
  resolved "https://registry.yarnpkg.com/object-assign/-/object-assign-4.1.1.tgz#2109adc7965887cfc05cbbd442cac8bfbb360863"
  integrity sha1-IQmtx5ZYh8/AXLvUQsrIv7s2CGM=

prop-types@^15.7.2:
  version "15.7.2"
  resolved "https://registry.yarnpkg.com/prop-types/-/prop-types-15.7.2.tgz#52c41e75b8c87e72b9d9360e0206b99dcbffa6c5"
  integrity sha512-8QQikdH7//R2vurIJSutZ1smHYTcLpRWEOlHnzcWHmBYrOGUysKwSsrC89BCiFj3CbrfJ/nXFdJepOVrY1GCHQ==
  dependencies:
    loose-envify "^1.4.0"
    object-assign "^4.1.1"
    react-is "^16.8.1"

ramda-extension@>=0.8.0, ramda-extension@^0.11.0:
  version "0.11.0"
  resolved "https://registry.yarnpkg.com/ramda-extension/-/ramda-extension-0.11.0.tgz#ecb1f5c6666a1ee3ba7d5daa047ed167181e9e60"
  integrity sha512-VofD0JDaaIFgGebHr74njuFjKRXeRnQtGDmUe5TZg2sqnr3G2TtDkWefgOgbwv0N3tFT9UC0SzI5FoKFqg41NA==

ramda@>=0.26.1, ramda@^0.27.1:
  version "0.27.1"
  resolved "https://registry.yarnpkg.com/ramda/-/ramda-0.27.1.tgz#66fc2df3ef873874ffc2da6aa8984658abacf5c9"
  integrity sha512-PgIdVpn5y5Yns8vqb8FzBUEYn98V3xcPgawAkkgj0YJ0qDsnHCiNmZYfOGMgOvoB0eWFLpYbhxUR3mxfDIMvpw==

react-intl@^5.20.2:
  version "5.20.2"
  resolved "https://registry.yarnpkg.com/react-intl/-/react-intl-5.20.2.tgz#e453889e028502b9913e4ed1c35642ec74daba05"
  integrity sha512-Uv3OydXIjF1wABfUm0mI8SItNQW7zuFaU42W0qXYVRvSoRXMv9rUorC1FLHTiS5zifQCRvWs65VejL8PO5he8w==
  dependencies:
    "@formatjs/ecma402-abstract" "1.9.3"
    "@formatjs/icu-messageformat-parser" "2.0.6"
    "@formatjs/intl" "1.13.0"
    "@formatjs/intl-displaynames" "5.1.5"
    "@formatjs/intl-listformat" "6.2.5"
    "@types/hoist-non-react-statics" "^3.3.1"
    hoist-non-react-statics "^3.3.2"
    intl-messageformat "9.6.18"
    tslib "^2.1.0"

react-is@^16.13.1, react-is@^16.7.0, react-is@^16.8.1:
  version "16.13.1"
  resolved "https://registry.yarnpkg.com/react-is/-/react-is-16.13.1.tgz#789729a4dc36de2999dc156dd6c1d9c18cea56a4"
  integrity sha512-24e6ynE2H+OKt4kqsOvNd8kBpV65zoxbA4BVsEOB3ARVWQki/DHzaUoC5KuON/BiccDaCCTZBuOcfZs70kR8bQ==

react-redux@^7.2.4:
  version "7.2.4"
  resolved "https://registry.yarnpkg.com/react-redux/-/react-redux-7.2.4.tgz#1ebb474032b72d806de2e0519cd07761e222e225"
  integrity sha512-hOQ5eOSkEJEXdpIKbnRyl04LhaWabkDPV+Ix97wqQX3T3d2NQ8DUblNXXtNMavc7DpswyQM6xfaN4HQDKNY2JA==
  dependencies:
    "@babel/runtime" "^7.12.1"
    "@types/react-redux" "^7.1.16"
    hoist-non-react-statics "^3.3.2"
    loose-envify "^1.4.0"
    prop-types "^15.7.2"
    react-is "^16.13.1"

react@^17.0.2:
  version "17.0.2"
  resolved "https://registry.yarnpkg.com/react/-/react-17.0.2.tgz#d0b5cc516d29eb3eee383f75b62864cfb6800037"
  integrity sha512-gnhPt75i/dq/z3/6q/0asP78D0u592D5L1pd7M8P+dck6Fu/jJeL6iVVK23fptSUZj8Vjf++7wXA8UNclGQcbA==
  dependencies:
    loose-envify "^1.1.0"
    object-assign "^4.1.1"

redux-syringe@^0.12.0:
  version "0.12.0"
  resolved "https://registry.yarnpkg.com/redux-syringe/-/redux-syringe-0.12.0.tgz#950c56a932e3a9816100802e1fe2b1b99e9405d3"
  integrity sha512-mvlLYXof+cuEge2sC12AyJMqdk48VjWNv52M2u4/8xin4aej4ATKEgRFvaLPz9L5k7ESdPYyy38KhDpPNZWznA==
  dependencies:
    "@babel/runtime" "^7.12.1"
    "@redux-syringe/actions" "^0.11.0"
    "@redux-syringe/middleware" "^0.12.0"
    "@redux-syringe/middleware-react" "^0.12.0"
    "@redux-syringe/namespaces" "^0.12.0"
    "@redux-syringe/namespaces-react" "^0.12.0"
    "@redux-syringe/reducers" "^0.12.0"
    "@redux-syringe/reducers-react" "^0.12.0"
    "@redux-syringe/thunk" "^0.12.0"

redux@^4.0.0, redux@^4.1.0:
  version "4.1.0"
  resolved "https://registry.yarnpkg.com/redux/-/redux-4.1.0.tgz#eb049679f2f523c379f1aff345c8612f294c88d4"
  integrity sha512-uI2dQN43zqLWCt6B/BMGRMY6db7TTY4qeHHfGeKb3EOhmOKjU3KdWvNLJyqaHRksv/ErdNH7cFZWg9jXtewy4g==
  dependencies:
    "@babel/runtime" "^7.9.2"

regenerator-runtime@^0.13.4:
  version "0.13.7"
  resolved "https://registry.yarnpkg.com/regenerator-runtime/-/regenerator-runtime-0.13.7.tgz#cac2dacc8a1ea675feaabaeb8ae833898ae46f55"
  integrity sha512-a54FxoJDIr27pgf7IgeQGxmqUNYrcV338lf/6gH456HZ/PhX+5BcwHXG9ajESmwe6WRO0tAzRUrRmNONWgkrew==

rxjs@^7.1.0:
  version "7.1.0"
  resolved "https://registry.yarnpkg.com/rxjs/-/rxjs-7.1.0.tgz#94202d27b19305ef7b1a4f330277b2065df7039e"
  integrity sha512-gCFO5iHIbRPwznl6hAYuwNFld8W4S2shtSJIqG27ReWXo9IWrCyEICxUA+6vJHwSR/OakoenC4QsDxq50tzYmw==
  dependencies:
    tslib "~2.1.0"

source-map-support@^0.5.17:
  version "0.5.19"
  resolved "https://registry.yarnpkg.com/source-map-support/-/source-map-support-0.5.19.tgz#a98b62f86dcaf4f67399648c085291ab9e8fed61"
  integrity sha512-Wonm7zOCIJzBGQdB+thsPar0kYuCIzYvxZwlBa87yi/Mdjv7Tip2cyVbLj5o0cFPN4EVkuTwb3GDDyUx2DGnGw==
  dependencies:
    buffer-from "^1.0.0"
    source-map "^0.6.0"

source-map@^0.6.0:
  version "0.6.1"
  resolved "https://registry.yarnpkg.com/source-map/-/source-map-0.6.1.tgz#74722af32e9614e9c287a8d0bbde48b5e2f1a263"
  integrity sha512-UjgapumWlbMhkBgzT7Ykc5YXUT46F0iKu8SGXq0bcwP5dz/h0Plj6enJqjz1Zbq2l5WaqYnrVbwWOWMyF3F47g==

ts-node@^10.0.0:
  version "10.0.0"
  resolved "https://registry.yarnpkg.com/ts-node/-/ts-node-10.0.0.tgz#05f10b9a716b0b624129ad44f0ea05dac84ba3be"
  integrity sha512-ROWeOIUvfFbPZkoDis0L/55Fk+6gFQNZwwKPLinacRl6tsxstTF1DbAcLKkovwnpKMVvOMHP1TIbnwXwtLg1gg==
  dependencies:
    "@tsconfig/node10" "^1.0.7"
    "@tsconfig/node12" "^1.0.7"
    "@tsconfig/node14" "^1.0.0"
    "@tsconfig/node16" "^1.0.1"
    arg "^4.1.0"
    create-require "^1.1.0"
    diff "^4.0.1"
    make-error "^1.1.1"
    source-map-support "^0.5.17"
    yn "3.1.1"

tslib@^2.1.0:
  version "2.2.0"
  resolved "https://registry.yarnpkg.com/tslib/-/tslib-2.2.0.tgz#fb2c475977e35e241311ede2693cee1ec6698f5c"
  integrity sha512-gS9GVHRU+RGn5KQM2rllAlR3dU6m7AcpJKdtH8gFvQiC4Otgk98XnmMU+nZenHt/+VhnBPWwgrJsyrdcw6i23w==

tslib@~2.1.0:
  version "2.1.0"
  resolved "https://registry.yarnpkg.com/tslib/-/tslib-2.1.0.tgz#da60860f1c2ecaa5703ab7d39bc05b6bf988b97a"
  integrity sha512-hcVC3wYEziELGGmEEXue7D75zbwIIVUMWAVbHItGPx0ziyXxrOMQx4rQEVEV45Ut/1IotuEvwqPopzIOkDMf0A==

typescript@^4.3.2:
  version "4.3.2"
  resolved "https://registry.yarnpkg.com/typescript/-/typescript-4.3.2.tgz#399ab18aac45802d6f2498de5054fcbbe716a805"
  integrity sha512-zZ4hShnmnoVnAHpVHWpTcxdv7dWP60S2FsydQLV8V5PbS3FifjWFFRiHSWpDJahly88PRyV5teTSLoq4eG7mKw==

yn@3.1.1:
  version "3.1.1"
  resolved "https://registry.yarnpkg.com/yn/-/yn-3.1.1.tgz#1e87401a09d767c1d5eab26a6e4c185182d2eb50"
  integrity sha512-Ux4ygGWsu2c7isFWe8Yu1YluJmqVhxqK2cLXNQA5AcC3QfbGNpM7fu0Y8b/z16pXLnFxZYvWhd3fhBY9DLmC6Q==
